// !$*UTF8*$!
{
	archiveVersion = 1;
	classes = {
	};
	objectVersion = 50;
	objects = {

/* Begin PBXBuildFile section */
		32AA209E68C741B49AD61728 /* Pods_Gympass_Token.framework in Frameworks */ = {isa = PBXBuildFile; fileRef = 3CAC6C7354A9B9C1815C0749 /* Pods_Gympass_Token.framework */; };
		93318D86229B40C200A17EB3 /* DailyTokenResponse.swift in Sources */ = {isa = PBXBuildFile; fileRef = 93318D85229B40C200A17EB3 /* DailyTokenResponse.swift */; };
		93B1C0BA229B37DB00C8C3AB /* AppDelegate.swift in Sources */ = {isa = PBXBuildFile; fileRef = 93B1C0B9229B37DB00C8C3AB /* AppDelegate.swift */; };
		93B1C0BC229B37DB00C8C3AB /* ViewController.swift in Sources */ = {isa = PBXBuildFile; fileRef = 93B1C0BB229B37DB00C8C3AB /* ViewController.swift */; };
		93B1C0BF229B37DB00C8C3AB /* Main.storyboard in Resources */ = {isa = PBXBuildFile; fileRef = 93B1C0BD229B37DB00C8C3AB /* Main.storyboard */; };
		93B1C0C1229B37DC00C8C3AB /* Assets.xcassets in Resources */ = {isa = PBXBuildFile; fileRef = 93B1C0C0229B37DC00C8C3AB /* Assets.xcassets */; };
		93B1C0C4229B37DC00C8C3AB /* LaunchScreen.storyboard in Resources */ = {isa = PBXBuildFile; fileRef = 93B1C0C2229B37DC00C8C3AB /* LaunchScreen.storyboard */; };
/* End PBXBuildFile section */

/* Begin PBXFileReference section */
		3CAC6C7354A9B9C1815C0749 /* Pods_Gympass_Token.framework */ = {isa = PBXFileReference; explicitFileType = wrapper.framework; includeInIndex = 0; path = Pods_Gympass_Token.framework; sourceTree = BUILT_PRODUCTS_DIR; };
		54A9DA0F10C0692354D09BCA /* Pods-Gympass Token.debug.xcconfig */ = {isa = PBXFileReference; includeInIndex = 1; lastKnownFileType = text.xcconfig; name = "Pods-Gympass Token.debug.xcconfig"; path = "Pods/Target Support Files/Pods-Gympass Token/Pods-Gympass Token.debug.xcconfig"; sourceTree = "<group>"; };
		93318D85229B40C200A17EB3 /* DailyTokenResponse.swift */ = {isa = PBXFileReference; lastKnownFileType = sourcecode.swift; path = DailyTokenResponse.swift; sourceTree = "<group>"; };
		93B1C0B6229B37DB00C8C3AB /* Gympass Token.app */ = {isa = PBXFileReference; explicitFileType = wrapper.application; includeInIndex = 0; path = "Gympass Token.app"; sourceTree = BUILT_PRODUCTS_DIR; };
		93B1C0B9229B37DB00C8C3AB /* AppDelegate.swift */ = {isa = PBXFileReference; lastKnownFileType = sourcecode.swift; path = AppDelegate.swift; sourceTree = "<group>"; };
		93B1C0BB229B37DB00C8C3AB /* ViewController.swift */ = {isa = PBXFileReference; lastKnownFileType = sourcecode.swift; path = ViewController.swift; sourceTree = "<group>"; };
		93B1C0BE229B37DB00C8C3AB /* Base */ = {isa = PBXFileReference; lastKnownFileType = file.storyboard; name = Base; path = Base.lproj/Main.storyboard; sourceTree = "<group>"; };
		93B1C0C0229B37DC00C8C3AB /* Assets.xcassets */ = {isa = PBXFileReference; lastKnownFileType = folder.assetcatalog; path = Assets.xcassets; sourceTree = "<group>"; };
		93B1C0C3229B37DC00C8C3AB /* Base */ = {isa = PBXFileReference; lastKnownFileType = file.storyboard; name = Base; path = Base.lproj/LaunchScreen.storyboard; sourceTree = "<group>"; };
		93B1C0C5229B37DC00C8C3AB /* Info.plist */ = {isa = PBXFileReference; lastKnownFileType = text.plist.xml; path = Info.plist; sourceTree = "<group>"; };
		DD96DD8E432745FF7081361B /* Pods-Gympass Token.release.xcconfig */ = {isa = PBXFileReference; includeInIndex = 1; lastKnownFileType = text.xcconfig; name = "Pods-Gympass Token.release.xcconfig"; path = "Pods/Target Support Files/Pods-Gympass Token/Pods-Gympass Token.release.xcconfig"; sourceTree = "<group>"; };
/* End PBXFileReference section */

/* Begin PBXFrameworksBuildPhase section */
		93B1C0B3229B37DB00C8C3AB /* Frameworks */ = {
			isa = PBXFrameworksBuildPhase;
			buildActionMask = 2147483647;
			files = (
				32AA209E68C741B49AD61728 /* Pods_Gympass_Token.framework in Frameworks */,
			);
			runOnlyForDeploymentPostprocessing = 0;
		};
/* End PBXFrameworksBuildPhase section */

/* Begin PBXGroup section */
		57E124AFE294FBE6C08AA503 /* Pods */ = {
			isa = PBXGroup;
			children = (
				54A9DA0F10C0692354D09BCA /* Pods-Gympass Token.debug.xcconfig */,
				DD96DD8E432745FF7081361B /* Pods-Gympass Token.release.xcconfig */,
			);
			name = Pods;
			sourceTree = "<group>";
		};
		93B1C0AD229B37DA00C8C3AB = {
			isa = PBXGroup;
			children = (
				93B1C0B8229B37DB00C8C3AB /* Gympass Token */,
				93B1C0B7229B37DB00C8C3AB /* Products */,
				57E124AFE294FBE6C08AA503 /* Pods */,
				E2CEBAC4D66CCB963F5C5130 /* Frameworks */,
			);
			sourceTree = "<group>";
		};
		93B1C0B7229B37DB00C8C3AB /* Products */ = {
			isa = PBXGroup;
			children = (
				93B1C0B6229B37DB00C8C3AB /* Gympass Token.app */,
			);
			name = Products;
			sourceTree = "<group>";
		};
		93B1C0B8229B37DB00C8C3AB /* Gympass Token */ = {
			isa = PBXGroup;
			children = (
				93B1C0B9229B37DB00C8C3AB /* AppDelegate.swift */,
				93B1C0BB229B37DB00C8C3AB /* ViewController.swift */,
				93B1C0BD229B37DB00C8C3AB /* Main.storyboard */,
				93B1C0C0229B37DC00C8C3AB /* Assets.xcassets */,
				93B1C0C2229B37DC00C8C3AB /* LaunchScreen.storyboard */,
				93B1C0C5229B37DC00C8C3AB /* Info.plist */,
				93318D85229B40C200A17EB3 /* DailyTokenResponse.swift */,
			);
			path = "Gympass Token";
			sourceTree = "<group>";
		};
		E2CEBAC4D66CCB963F5C5130 /* Frameworks */ = {
			isa = PBXGroup;
			children = (
				3CAC6C7354A9B9C1815C0749 /* Pods_Gympass_Token.framework */,
			);
			name = Frameworks;
			sourceTree = "<group>";
		};
/* End PBXGroup section */

/* Begin PBXNativeTarget section */
		93B1C0B5229B37DB00C8C3AB /* Gympass Token */ = {
			isa = PBXNativeTarget;
			buildConfigurationList = 93B1C0C8229B37DC00C8C3AB /* Build configuration list for PBXNativeTarget "Gympass Token" */;
			buildPhases = (
				A7C7407D475D8BED3863690E /* [CP] Check Pods Manifest.lock */,
				93B1C0B2229B37DB00C8C3AB /* Sources */,
				93B1C0B3229B37DB00C8C3AB /* Frameworks */,
				93B1C0B4229B37DB00C8C3AB /* Resources */,
				040B3983B6AA4D4FDC61512F /* [CP] Embed Pods Frameworks */,
			);
			buildRules = (
			);
			dependencies = (
			);
			name = "Gympass Token";
			productName = "Gympass Token";
			productReference = 93B1C0B6229B37DB00C8C3AB /* Gympass Token.app */;
			productType = "com.apple.product-type.application";
		};
/* End PBXNativeTarget section */

/* Begin PBXProject section */
		93B1C0AE229B37DA00C8C3AB /* Project object */ = {
			isa = PBXProject;
			attributes = {
				LastSwiftUpdateCheck = 1020;
				LastUpgradeCheck = 1020;
				ORGANIZATIONNAME = "Victor Palhares";
				TargetAttributes = {
					93B1C0B5229B37DB00C8C3AB = {
						CreatedOnToolsVersion = 10.2;
					};
				};
			};
			buildConfigurationList = 93B1C0B1229B37DA00C8C3AB /* Build configuration list for PBXProject "Gympass Token" */;
			compatibilityVersion = "Xcode 9.3";
			developmentRegion = en;
			hasScannedForEncodings = 0;
			knownRegions = (
				en,
				Base,
			);
			mainGroup = 93B1C0AD229B37DA00C8C3AB;
			productRefGroup = 93B1C0B7229B37DB00C8C3AB /* Products */;
			projectDirPath = "";
			projectRoot = "";
			targets = (
				93B1C0B5229B37DB00C8C3AB /* Gympass Token */,
			);
		};
/* End PBXProject section */

/* Begin PBXResourcesBuildPhase section */
		93B1C0B4229B37DB00C8C3AB /* Resources */ = {
			isa = PBXResourcesBuildPhase;
			buildActionMask = 2147483647;
			files = (
				93B1C0C4229B37DC00C8C3AB /* LaunchScreen.storyboard in Resources */,
				93B1C0C1229B37DC00C8C3AB /* Assets.xcassets in Resources */,
				93B1C0BF229B37DB00C8C3AB /* Main.storyboard in Resources */,
			);
			runOnlyForDeploymentPostprocessing = 0;
		};
/* End PBXResourcesBuildPhase section */

/* Begin PBXShellScriptBuildPhase section */
		040B3983B6AA4D4FDC61512F /* [CP] Embed Pods Frameworks */ = {
			isa = PBXShellScriptBuildPhase;
			buildActionMask = 2147483647;
			files = (
			);
			inputFileListPaths = (
			);
			inputPaths = (
				"${SRCROOT}/Pods/Target Support Files/Pods-Gympass Token/Pods-Gympass Token-frameworks.sh",
				"${BUILT_PRODUCTS_DIR}/SwiftSoup/SwiftSoup.framework",
			);
			name = "[CP] Embed Pods Frameworks";
			outputFileListPaths = (
			);
			outputPaths = (
				"${TARGET_BUILD_DIR}/${FRAMEWORKS_FOLDER_PATH}/SwiftSoup.framework",
			);
			runOnlyForDeploymentPostprocessing = 0;
			shellPath = /bin/sh;
			shellScript = "\"${SRCROOT}/Pods/Target Support Files/Pods-Gympass Token/Pods-Gympass Token-frameworks.sh\"\n";
			showEnvVarsInLog = 0;
		};
		A7C7407D475D8BED3863690E /* [CP] Check Pods Manifest.lock */ = {
			isa = PBXShellScriptBuildPhase;
			buildActionMask = 2147483647;
			files = (
			);
			inputFileListPaths = (
			);
			inputPaths = (
				"${PODS_PODFILE_DIR_PATH}/Podfile.lock",
				"${PODS_ROOT}/Manifest.lock",
			);
			name = "[CP] Check Pods Manifest.lock";
			outputFileListPaths = (
			);
			outputPaths = (
				"$(DERIVED_FILE_DIR)/Pods-Gympass Token-checkManifestLockResult.txt",
			);
			runOnlyForDeploymentPostprocessing = 0;
			shellPath = /bin/sh;
			shellScript = "diff \"${PODS_PODFILE_DIR_PATH}/Podfile.lock\" \"${PODS_ROOT}/Manifest.lock\" > /dev/null\nif [ $? != 0 ] ; then\n    # print error to STDERR\n    echo \"error: The sandbox is not in sync with the Podfile.lock. Run 'pod install' or update your CocoaPods installation.\" >&2\n    exit 1\nfi\n# This output is used by Xcode 'outputs' to avoid re-running this script phase.\necho \"SUCCESS\" > \"${SCRIPT_OUTPUT_FILE_0}\"\n";
			showEnvVarsInLog = 0;
		};
/* End PBXShellScriptBuildPhase section */

/* Begin PBXSourcesBuildPhase section */
		93B1C0B2229B37DB00C8C3AB /* Sources */ = {
			isa = PBXSourcesBuildPhase;
			buildActionMask = 2147483647;
			files = (
				93B1C0BC229B37DB00C8C3AB /* ViewController.swift in Sources */,
				93318D86229B40C200A17EB3 /* DailyTokenResponse.swift in Sources */,
				93B1C0BA229B37DB00C8C3AB /* AppDelegate.swift in Sources */,
			);
			runOnlyForDeploymentPostprocessing = 0;
		};
/* End PBXSourcesBuildPhase section */

/* Begin PBXVariantGroup section */
		93B1C0BD229B37DB00C8C3AB /* Main.storyboard */ = {
			isa = PBXVariantGroup;
			children = (
				93B1C0BE229B37DB00C8C3AB /* Base */,
			);
			name = Main.storyboard;
			sourceTree = "<group>";
		};
		93B1C0C2229B37DC00C8C3AB /* LaunchScreen.storyboard */ = {
			isa = PBXVariantGroup;
			children = (
				93B1C0C3229B37DC00C8C3AB /* Base */,
			);
			name = LaunchScreen.storyboard;
			sourceTree = "<group>";
		};
/* End PBXVariantGroup section */

/* Begin XCBuildConfiguration section */
		93B1C0C6229B37DC00C8C3AB /* Debug */ = {
			isa = XCBuildConfiguration;
			buildSettings = {
				ALWAYS_SEARCH_USER_PATHS = NO;
				CLANG_ANALYZER_NONNULL = YES;
				CLANG_ANALYZER_NUMBER_OBJECT_CONVERSION = YES_AGGRESSIVE;
				CLANG_CXX_LANGUAGE_STANDARD = "gnu++14";
				CLANG_CXX_LIBRARY = "libc++";
				CLANG_ENABLE_MODULES = YES;
				CLANG_ENABLE_OBJC_ARC = YES;
				CLANG_ENABLE_OBJC_WEAK = YES;
				CLANG_WARN_BLOCK_CAPTURE_AUTORELEASING = YES;
				CLANG_WARN_BOOL_CONVERSION = YES;
				CLANG_WARN_COMMA = YES;
				CLANG_WARN_CONSTANT_CONVERSION = YES;
				CLANG_WARN_DEPRECATED_OBJC_IMPLEMENTATIONS = YES;
				CLANG_WARN_DIRECT_OBJC_ISA_USAGE = YES_ERROR;
				CLANG_WARN_DOCUMENTATION_COMMENTS = YES;
				CLANG_WARN_EMPTY_BODY = YES;
				CLANG_WARN_ENUM_CONVERSION = YES;
				CLANG_WARN_INFINITE_RECURSION = YES;
				CLANG_WARN_INT_CONVERSION = YES;
				CLANG_WARN_NON_LITERAL_NULL_CONVERSION = YES;
				CLANG_WARN_OBJC_IMPLICIT_RETAIN_SELF = YES;
				CLANG_WARN_OBJC_LITERAL_CONVERSION = YES;
				CLANG_WARN_OBJC_ROOT_CLASS = YES_ERROR;
				CLANG_WARN_RANGE_LOOP_ANALYSIS = YES;
				CLANG_WARN_STRICT_PROTOTYPES = YES;
				CLANG_WARN_SUSPICIOUS_MOVE = YES;
				CLANG_WARN_UNGUARDED_AVAILABILITY = YES_AGGRESSIVE;
				CLANG_WARN_UNREACHABLE_CODE = YES;
				CLANG_WARN__DUPLICATE_METHOD_MATCH = YES;
				CODE_SIGN_IDENTITY = "iPhone Developer";
				COPY_PHASE_STRIP = NO;
				DEBUG_INFORMATION_FORMAT = dwarf;
				ENABLE_STRICT_OBJC_MSGSEND = YES;
				ENABLE_TESTABILITY = YES;
				GCC_C_LANGUAGE_STANDARD = gnu11;
				GCC_DYNAMIC_NO_PIC = NO;
				GCC_NO_COMMON_BLOCKS = YES;
				GCC_OPTIMIZATION_LEVEL = 0;
				GCC_PREPROCESSOR_DEFINITIONS = (
					"DEBUG=1",
					"$(inherited)",
				);
				GCC_WARN_64_TO_32_BIT_CONVERSION = YES;
				GCC_WARN_ABOUT_RETURN_TYPE = YES_ERROR;
				GCC_WARN_UNDECLARED_SELECTOR = YES;
				GCC_WARN_UNINITIALIZED_AUTOS = YES_AGGRESSIVE;
				GCC_WARN_UNUSED_FUNCTION = YES;
				GCC_WARN_UNUSED_VARIABLE = YES;
				IPHONEOS_DEPLOYMENT_TARGET = 12.2;
				MTL_ENABLE_DEBUG_INFO = INCLUDE_SOURCE;
				MTL_FAST_MATH = YES;
				ONLY_ACTIVE_ARCH = YES;
				SDKROOT = iphoneos;
				SWIFT_ACTIVE_COMPILATION_CONDITIONS = DEBUG;
				SWIFT_OPTIMIZATION_LEVEL = "-Onone";
			};
			name = Debug;
		};
		93B1C0C7229B37DC00C8C3AB /* Release */ = {
			isa = XCBuildConfiguration;
			buildSettings = {
				ALWAYS_SEARCH_USER_PATHS = NO;
				CLANG_ANALYZER_NONNULL = YES;
				CLANG_ANALYZER_NUMBER_OBJECT_CONVERSION = YES_AGGRESSIVE;
				CLANG_CXX_LANGUAGE_STANDARD = "gnu++14";
				CLANG_CXX_LIBRARY = "libc++";
				CLANG_ENABLE_MODULES = YES;
				CLANG_ENABLE_OBJC_ARC = YES;
				CLANG_ENABLE_OBJC_WEAK = YES;
				CLANG_WARN_BLOCK_CAPTURE_AUTORELEASING = YES;
				CLANG_WARN_BOOL_CONVERSION = YES;
				CLANG_WARN_COMMA = YES;
				CLANG_WARN_CONSTANT_CONVERSION = YES;
				CLANG_WARN_DEPRECATED_OBJC_IMPLEMENTATIONS = YES;
				CLANG_WARN_DIRECT_OBJC_ISA_USAGE = YES_ERROR;
				CLANG_WARN_DOCUMENTATION_COMMENTS = YES;
				CLANG_WARN_EMPTY_BODY = YES;
				CLANG_WARN_ENUM_CONVERSION = YES;
				CLANG_WARN_INFINITE_RECURSION = YES;
				CLANG_WARN_INT_CONVERSION = YES;
				CLANG_WARN_NON_LITERAL_NULL_CONVERSION = YES;
				CLANG_WARN_OBJC_IMPLICIT_RETAIN_SELF = YES;
				CLANG_WARN_OBJC_LITERAL_CONVERSION = YES;
				CLANG_WARN_OBJC_ROOT_CLASS = YES_ERROR;
				CLANG_WARN_RANGE_LOOP_ANALYSIS = YES;
				CLANG_WARN_STRICT_PROTOTYPES = YES;
				CLANG_WARN_SUSPICIOUS_MOVE = YES;
				CLANG_WARN_UNGUARDED_AVAILABILITY = YES_AGGRESSIVE;
				CLANG_WARN_UNREACHABLE_CODE = YES;
				CLANG_WARN__DUPLICATE_METHOD_MATCH = YES;
				CODE_SIGN_IDENTITY = "iPhone Developer";
				COPY_PHASE_STRIP = NO;
				DEBUG_INFORMATION_FORMAT = "dwarf-with-dsym";
				ENABLE_NS_ASSERTIONS = NO;
				ENABLE_STRICT_OBJC_MSGSEND = YES;
				GCC_C_LANGUAGE_STANDARD = gnu11;
				GCC_NO_COMMON_BLOCKS = YES;
				GCC_WARN_64_TO_32_BIT_CONVERSION = YES;
				GCC_WARN_ABOUT_RETURN_TYPE = YES_ERROR;
				GCC_WARN_UNDECLARED_SELECTOR = YES;
				GCC_WARN_UNINITIALIZED_AUTOS = YES_AGGRESSIVE;
				GCC_WARN_UNUSED_FUNCTION = YES;
				GCC_WARN_UNUSED_VARIABLE = YES;
				IPHONEOS_DEPLOYMENT_TARGET = 12.2;
				MTL_ENABLE_DEBUG_INFO = NO;
				MTL_FAST_MATH = YES;
				SDKROOT = iphoneos;
				SWIFT_COMPILATION_MODE = wholemodule;
				SWIFT_OPTIMIZATION_LEVEL = "-O";
				VALIDATE_PRODUCT = YES;
			};
			name = Release;
		};
		93B1C0C9229B37DC00C8C3AB /* Debug */ = {
			isa = XCBuildConfiguration;
			baseConfigurationReference = 54A9DA0F10C0692354D09BCA /* Pods-Gympass Token.debug.xcconfig */;
			buildSettings = {
				ASSETCATALOG_COMPILER_APPICON_NAME = AppIcon;
				CODE_SIGN_STYLE = Automatic;
				DEVELOPMENT_TEAM = 78BR72FRTE;
				INFOPLIST_FILE = "Gympass Token/Info.plist";
				LD_RUNPATH_SEARCH_PATHS = (
					"$(inherited)",
					"@executable_path/Frameworks",
				);
				PRODUCT_BUNDLE_IDENTIFIER = "com.Gympass-Token";
				PRODUCT_NAME = "$(TARGET_NAME)";
				SWIFT_VERSION = 5.0;
				TARGETED_DEVICE_FAMILY = "1,2";
			};
			name = Debug;
		};
		93B1C0CA229B37DC00C8C3AB /* Release */ = {
			isa = XCBuildConfiguration;
			baseConfigurationReference = DD96DD8E432745FF7081361B /* Pods-Gympass Token.release.xcconfig */;
			buildSettings = {
				ASSETCATALOG_COMPILER_APPICON_NAME = AppIcon;
				CODE_SIGN_STYLE = Automatic;
				DEVELOPMENT_TEAM = 78BR72FRTE;
				INFOPLIST_FILE = "Gympass Token/Info.plist";
				LD_RUNPATH_SEARCH_PATHS = (
					"$(inherited)",
					"@executable_path/Frameworks",
				);
				PRODUCT_BUNDLE_IDENTIFIER = "com.Gympass-Token";
				PRODUCT_NAME = "$(TARGET_NAME)";
				SWIFT_VERSION = 5.0;
				TARGETED_DEVICE_FAMILY = "1,2";
			};
			name = Release;
		};
/* End XCBuildConfiguration section */

/* Begin XCConfigurationList section */
		93B1C0B1229B37DA00C8C3AB /* Build configuration list for PBXProject "Gympass Token" */ = {
			isa = XCConfigurationList;
			buildConfigurations = (
				93B1C0C6229B37DC00C8C3AB /* Debug */,
				93B1C0C7229B37DC00C8C3AB /* Release */,
			);
			defaultConfigurationIsVisible = 0;
			defaultConfigurationName = Release;
		};
		93B1C0C8229B37DC00C8C3AB /* Build configuration list for PBXNativeTarget "Gympass Token" */ = {
			isa = XCConfigurationList;
			buildConfigurations = (
				93B1C0C9229B37DC00C8C3AB /* Debug */,
				93B1C0CA229B37DC00C8C3AB /* Release */,
			);
			defaultConfigurationIsVisible = 0;
			defaultConfigurationName = Release;
		};
/* End XCConfigurationList section */
	};
	rootObject = 93B1C0AE229B37DA00C8C3AB /* Project object */;
}
